// !$*UTF8*$!
{
	archiveVersion = 1;
	classes = {
	};
	objectVersion = 46;
	objects = {

/* Begin PBXBuildFile section */
		2B80D15B1E1CC88800ABEF46 /* NotificationCenter.framework in Frameworks */ = {isa = PBXBuildFile; fileRef = 2B80D15A1E1CC88800ABEF46 /* NotificationCenter.framework */; };
		2B80D15E1E1CC88800ABEF46 /* TodayViewController.swift in Sources */ = {isa = PBXBuildFile; fileRef = 2B80D15D1E1CC88800ABEF46 /* TodayViewController.swift */; };
		2B80D1611E1CC88800ABEF46 /* MainInterface.storyboard in Resources */ = {isa = PBXBuildFile; fileRef = 2B80D15F1E1CC88800ABEF46 /* MainInterface.storyboard */; };
		2B80D1651E1CC88800ABEF46 /* BikeTravelNotification.appex in Embed App Extensions */ = {isa = PBXBuildFile; fileRef = 2B80D1591E1CC88800ABEF46 /* BikeTravelNotification.appex */; settings = {ATTRIBUTES = (RemoveHeadersOnCopy, ); }; };
		2BBEBCBA1DF3B3E100894A58 /* AppDelegate.swift in Sources */ = {isa = PBXBuildFile; fileRef = 2BBEBCB91DF3B3E100894A58 /* AppDelegate.swift */; };
		2BBEBCBC1DF3B3E100894A58 /* ViewController.swift in Sources */ = {isa = PBXBuildFile; fileRef = 2BBEBCBB1DF3B3E100894A58 /* ViewController.swift */; };
		2BBEBCBF1DF3B3E100894A58 /* Main.storyboard in Resources */ = {isa = PBXBuildFile; fileRef = 2BBEBCBD1DF3B3E100894A58 /* Main.storyboard */; };
		2BBEBCC11DF3B3E100894A58 /* Assets.xcassets in Resources */ = {isa = PBXBuildFile; fileRef = 2BBEBCC01DF3B3E100894A58 /* Assets.xcassets */; };
		2BBEBCC41DF3B3E100894A58 /* LaunchScreen.storyboard in Resources */ = {isa = PBXBuildFile; fileRef = 2BBEBCC21DF3B3E100894A58 /* LaunchScreen.storyboard */; };
		2BBEBCCD1DF4F6CF00894A58 /* CoreLocation.framework in Frameworks */ = {isa = PBXBuildFile; fileRef = 2BBEBCCC1DF4F6CF00894A58 /* CoreLocation.framework */; };
/* End PBXBuildFile section */

/* Begin PBXContainerItemProxy section */
		2B80D1631E1CC88800ABEF46 /* PBXContainerItemProxy */ = {
			isa = PBXContainerItemProxy;
			containerPortal = 2BBEBCAE1DF3B3E100894A58 /* Project object */;
			proxyType = 1;
			remoteGlobalIDString = 2B80D1581E1CC88800ABEF46;
			remoteInfo = BikeTravelNotification;
		};
/* End PBXContainerItemProxy section */

/* Begin PBXCopyFilesBuildPhase section */
		2B80D1691E1CC88800ABEF46 /* Embed App Extensions */ = {
			isa = PBXCopyFilesBuildPhase;
			buildActionMask = 2147483647;
			dstPath = "";
			dstSubfolderSpec = 13;
			files = (
				2B80D1651E1CC88800ABEF46 /* BikeTravelNotification.appex in Embed App Extensions */,
			);
			name = "Embed App Extensions";
			runOnlyForDeploymentPostprocessing = 0;
		};
/* End PBXCopyFilesBuildPhase section */

/* Begin PBXFileReference section */
		2B80D1591E1CC88800ABEF46 /* BikeTravelNotification.appex */ = {isa = PBXFileReference; explicitFileType = "wrapper.app-extension"; includeInIndex = 0; path = BikeTravelNotification.appex; sourceTree = BUILT_PRODUCTS_DIR; };
		2B80D15A1E1CC88800ABEF46 /* NotificationCenter.framework */ = {isa = PBXFileReference; lastKnownFileType = wrapper.framework; name = NotificationCenter.framework; path = System/Library/Frameworks/NotificationCenter.framework; sourceTree = SDKROOT; };
		2B80D15D1E1CC88800ABEF46 /* TodayViewController.swift */ = {isa = PBXFileReference; lastKnownFileType = sourcecode.swift; path = TodayViewController.swift; sourceTree = "<group>"; };
		2B80D1601E1CC88800ABEF46 /* Base */ = {isa = PBXFileReference; lastKnownFileType = file.storyboard; name = Base; path = Base.lproj/MainInterface.storyboard; sourceTree = "<group>"; };
		2B80D1621E1CC88800ABEF46 /* Info.plist */ = {isa = PBXFileReference; lastKnownFileType = text.plist.xml; path = Info.plist; sourceTree = "<group>"; };
		2BBEBCB61DF3B3E100894A58 /* Bike Travel.app */ = {isa = PBXFileReference; explicitFileType = wrapper.application; includeInIndex = 0; path = "Bike Travel.app"; sourceTree = BUILT_PRODUCTS_DIR; };
		2BBEBCB91DF3B3E100894A58 /* AppDelegate.swift */ = {isa = PBXFileReference; lastKnownFileType = sourcecode.swift; path = AppDelegate.swift; sourceTree = "<group>"; };
		2BBEBCBB1DF3B3E100894A58 /* ViewController.swift */ = {isa = PBXFileReference; lastKnownFileType = sourcecode.swift; path = ViewController.swift; sourceTree = "<group>"; };
		2BBEBCBE1DF3B3E100894A58 /* Base */ = {isa = PBXFileReference; lastKnownFileType = file.storyboard; name = Base; path = Base.lproj/Main.storyboard; sourceTree = "<group>"; };
		2BBEBCC01DF3B3E100894A58 /* Assets.xcassets */ = {isa = PBXFileReference; lastKnownFileType = folder.assetcatalog; path = Assets.xcassets; sourceTree = "<group>"; };
		2BBEBCC31DF3B3E100894A58 /* Base */ = {isa = PBXFileReference; lastKnownFileType = file.storyboard; name = Base; path = Base.lproj/LaunchScreen.storyboard; sourceTree = "<group>"; };
		2BBEBCC51DF3B3E100894A58 /* Info.plist */ = {isa = PBXFileReference; lastKnownFileType = text.plist.xml; path = Info.plist; sourceTree = "<group>"; };
		2BBEBCCC1DF4F6CF00894A58 /* CoreLocation.framework */ = {isa = PBXFileReference; lastKnownFileType = wrapper.framework; name = CoreLocation.framework; path = System/Library/Frameworks/CoreLocation.framework; sourceTree = SDKROOT; };
/* End PBXFileReference section */

/* Begin PBXFrameworksBuildPhase section */
		2B80D1561E1CC88800ABEF46 /* Frameworks */ = {
			isa = PBXFrameworksBuildPhase;
			buildActionMask = 2147483647;
			files = (
				2B80D15B1E1CC88800ABEF46 /* NotificationCenter.framework in Frameworks */,
			);
			runOnlyForDeploymentPostprocessing = 0;
		};
		2BBEBCB31DF3B3E100894A58 /* Frameworks */ = {
			isa = PBXFrameworksBuildPhase;
			buildActionMask = 2147483647;
			files = (
				2BBEBCCD1DF4F6CF00894A58 /* CoreLocation.framework in Frameworks */,
			);
			runOnlyForDeploymentPostprocessing = 0;
		};
/* End PBXFrameworksBuildPhase section */

/* Begin PBXGroup section */
		2B80D15C1E1CC88800ABEF46 /* BikeTravelNotification */ = {
			isa = PBXGroup;
			children = (
				2B80D15D1E1CC88800ABEF46 /* TodayViewController.swift */,
				2B80D15F1E1CC88800ABEF46 /* MainInterface.storyboard */,
				2B80D1621E1CC88800ABEF46 /* Info.plist */,
			);
			path = BikeTravelNotification;
			sourceTree = "<group>";
		};
		2BBEBCAD1DF3B3E100894A58 = {
			isa = PBXGroup;
			children = (
				2BBEBCB81DF3B3E100894A58 /* Bike Travel */,
				2B80D15C1E1CC88800ABEF46 /* BikeTravelNotification */,
				2BBEBCB71DF3B3E100894A58 /* Products */,
				2BBEBCCB1DF4F6CE00894A58 /* Frameworks */,
			);
			sourceTree = "<group>";
		};
		2BBEBCB71DF3B3E100894A58 /* Products */ = {
			isa = PBXGroup;
			children = (
				2BBEBCB61DF3B3E100894A58 /* Bike Travel.app */,
				2B80D1591E1CC88800ABEF46 /* BikeTravelNotification.appex */,
			);
			name = Products;
			sourceTree = "<group>";
		};
		2BBEBCB81DF3B3E100894A58 /* Bike Travel */ = {
			isa = PBXGroup;
			children = (
				2BBEBCB91DF3B3E100894A58 /* AppDelegate.swift */,
				2BBEBCBB1DF3B3E100894A58 /* ViewController.swift */,
				2BBEBCBD1DF3B3E100894A58 /* Main.storyboard */,
				2BBEBCC01DF3B3E100894A58 /* Assets.xcassets */,
				2BBEBCC21DF3B3E100894A58 /* LaunchScreen.storyboard */,
				2BBEBCC51DF3B3E100894A58 /* Info.plist */,
			);
			path = "Bike Travel";
			sourceTree = "<group>";
		};
		2BBEBCCB1DF4F6CE00894A58 /* Frameworks */ = {
			isa = PBXGroup;
			children = (
				2BBEBCCC1DF4F6CF00894A58 /* CoreLocation.framework */,
				2B80D15A1E1CC88800ABEF46 /* NotificationCenter.framework */,
			);
			name = Frameworks;
			sourceTree = "<group>";
		};
/* End PBXGroup section */

/* Begin PBXNativeTarget section */
		2B80D1581E1CC88800ABEF46 /* BikeTravelNotification */ = {
			isa = PBXNativeTarget;
			buildConfigurationList = 2B80D1681E1CC88800ABEF46 /* Build configuration list for PBXNativeTarget "BikeTravelNotification" */;
			buildPhases = (
				2B80D1551E1CC88800ABEF46 /* Sources */,
				2B80D1561E1CC88800ABEF46 /* Frameworks */,
				2B80D1571E1CC88800ABEF46 /* Resources */,
			);
			buildRules = (
			);
			dependencies = (
			);
			name = BikeTravelNotification;
			productName = BikeTravelNotification;
			productReference = 2B80D1591E1CC88800ABEF46 /* BikeTravelNotification.appex */;
			productType = "com.apple.product-type.app-extension";
		};
		2BBEBCB51DF3B3E100894A58 /* Bike Travel */ = {
			isa = PBXNativeTarget;
			buildConfigurationList = 2BBEBCC81DF3B3E100894A58 /* Build configuration list for PBXNativeTarget "Bike Travel" */;
			buildPhases = (
				2BBEBCB21DF3B3E100894A58 /* Sources */,
				2BBEBCB31DF3B3E100894A58 /* Frameworks */,
				2BBEBCB41DF3B3E100894A58 /* Resources */,
				2B80D1691E1CC88800ABEF46 /* Embed App Extensions */,
			);
			buildRules = (
			);
			dependencies = (
				2B80D1641E1CC88800ABEF46 /* PBXTargetDependency */,
			);
			name = "Bike Travel";
			productName = "Bike Travel";
			productReference = 2BBEBCB61DF3B3E100894A58 /* Bike Travel.app */;
			productType = "com.apple.product-type.application";
		};
/* End PBXNativeTarget section */

/* Begin PBXProject section */
		2BBEBCAE1DF3B3E100894A58 /* Project object */ = {
			isa = PBXProject;
			attributes = {
				LastSwiftUpdateCheck = 0820;
				LastUpgradeCheck = 0820;
				ORGANIZATIONNAME = "Kyle Brown";
				TargetAttributes = {
					2B80D1581E1CC88800ABEF46 = {
						CreatedOnToolsVersion = 8.2;
						DevelopmentTeam = 6R43YP984W;
						ProvisioningStyle = Automatic;
					};
					2BBEBCB51DF3B3E100894A58 = {
						CreatedOnToolsVersion = 8.1;
						DevelopmentTeam = 6R43YP984W;
						ProvisioningStyle = Automatic;
					};
				};
			};
			buildConfigurationList = 2BBEBCB11DF3B3E100894A58 /* Build configuration list for PBXProject "Bike Travel" */;
			compatibilityVersion = "Xcode 3.2";
			developmentRegion = English;
			hasScannedForEncodings = 0;
			knownRegions = (
				en,
				Base,
			);
			mainGroup = 2BBEBCAD1DF3B3E100894A58;
			productRefGroup = 2BBEBCB71DF3B3E100894A58 /* Products */;
			projectDirPath = "";
			projectRoot = "";
			targets = (
				2BBEBCB51DF3B3E100894A58 /* Bike Travel */,
				2B80D1581E1CC88800ABEF46 /* BikeTravelNotification */,
			);
		};
/* End PBXProject section */

/* Begin PBXResourcesBuildPhase section */
		2B80D1571E1CC88800ABEF46 /* Resources */ = {
			isa = PBXResourcesBuildPhase;
			buildActionMask = 2147483647;
			files = (
				2B80D1611E1CC88800ABEF46 /* MainInterface.storyboard in Resources */,
			);
			runOnlyForDeploymentPostprocessing = 0;
		};
		2BBEBCB41DF3B3E100894A58 /* Resources */ = {
			isa = PBXResourcesBuildPhase;
			buildActionMask = 2147483647;
			files = (
				2BBEBCC41DF3B3E100894A58 /* LaunchScreen.storyboard in Resources */,
				2BBEBCC11DF3B3E100894A58 /* Assets.xcassets in Resources */,
				2BBEBCBF1DF3B3E100894A58 /* Main.storyboard in Resources */,
			);
			runOnlyForDeploymentPostprocessing = 0;
		};
/* End PBXResourcesBuildPhase section */

/* Begin PBXSourcesBuildPhase section */
		2B80D1551E1CC88800ABEF46 /* Sources */ = {
			isa = PBXSourcesBuildPhase;
			buildActionMask = 2147483647;
			files = (
				2B80D15E1E1CC88800ABEF46 /* TodayViewController.swift in Sources */,
			);
			runOnlyForDeploymentPostprocessing = 0;
		};
		2BBEBCB21DF3B3E100894A58 /* Sources */ = {
			isa = PBXSourcesBuildPhase;
			buildActionMask = 2147483647;
			files = (
				2BBEBCBC1DF3B3E100894A58 /* ViewController.swift in Sources */,
				2BBEBCBA1DF3B3E100894A58 /* AppDelegate.swift in Sources */,
			);
			runOnlyForDeploymentPostprocessing = 0;
		};
/* End PBXSourcesBuildPhase section */

/* Begin PBXTargetDependency section */
		2B80D1641E1CC88800ABEF46 /* PBXTargetDependency */ = {
			isa = PBXTargetDependency;
			target = 2B80D1581E1CC88800ABEF46 /* BikeTravelNotification */;
			targetProxy = 2B80D1631E1CC88800ABEF46 /* PBXContainerItemProxy */;
		};
/* End PBXTargetDependency section */

/* Begin PBXVariantGroup section */
		2B80D15F1E1CC88800ABEF46 /* MainInterface.storyboard */ = {
			isa = PBXVariantGroup;
			children = (
				2B80D1601E1CC88800ABEF46 /* Base */,
			);
			name = MainInterface.storyboard;
			sourceTree = "<group>";
		};
		2BBEBCBD1DF3B3E100894A58 /* Main.storyboard */ = {
			isa = PBXVariantGroup;
			children = (
				2BBEBCBE1DF3B3E100894A58 /* Base */,
			);
			name = Main.storyboard;
			sourceTree = "<group>";
		};
		2BBEBCC21DF3B3E100894A58 /* LaunchScreen.storyboard */ = {
			isa = PBXVariantGroup;
			children = (
				2BBEBCC31DF3B3E100894A58 /* Base */,
			);
			name = LaunchScreen.storyboard;
			sourceTree = "<group>";
		};
/* End PBXVariantGroup section */

/* Begin XCBuildConfiguration section */
		2B80D1661E1CC88800ABEF46 /* Debug */ = {
			isa = XCBuildConfiguration;
			buildSettings = {
				DEVELOPMENT_TEAM = 6R43YP984W;
				INFOPLIST_FILE = BikeTravelNotification/Info.plist;
				IPHONEOS_DEPLOYMENT_TARGET = 10.2;
				LD_RUNPATH_SEARCH_PATHS = "$(inherited) @executable_path/Frameworks @executable_path/../../Frameworks";
				PRODUCT_BUNDLE_IDENTIFIER = "com.kylebrown.Bike-Travel.BikeTravelNotification";
				PRODUCT_NAME = "$(TARGET_NAME)";
				SKIP_INSTALL = YES;
				SWIFT_VERSION = 3.0;
			};
			name = Debug;
		};
		2B80D1671E1CC88800ABEF46 /* Release */ = {
			isa = XCBuildConfiguration;
			buildSettings = {
				DEVELOPMENT_TEAM = 6R43YP984W;
				ENABLE_NS_ASSERTIONS = NO;
				INFOPLIST_FILE = BikeTravelNotification/Info.plist;
				IPHONEOS_DEPLOYMENT_TARGET = 10.2;
				LD_RUNPATH_SEARCH_PATHS = "$(inherited) @executable_path/Frameworks @executable_path/../../Frameworks";
				PRODUCT_BUNDLE_IDENTIFIER = "com.kylebrown.Bike-Travel.BikeTravelNotification";
				PRODUCT_NAME = "$(TARGET_NAME)";
				SKIP_INSTALL = YES;
				SWIFT_VERSION = 3.0;
			};
			name = Release;
		};
		2BBEBCC61DF3B3E100894A58 /* Debug */ = {
			isa = XCBuildConfiguration;
			buildSettings = {
				ALWAYS_SEARCH_USER_PATHS = NO;
				CLANG_ANALYZER_NONNULL = YES;
				CLANG_CXX_LANGUAGE_STANDARD = "gnu++0x";
				CLANG_CXX_LIBRARY = "libc++";
				CLANG_ENABLE_MODULES = YES;
				CLANG_ENABLE_OBJC_ARC = YES;
				CLANG_WARN_BOOL_CONVERSION = YES;
				CLANG_WARN_CONSTANT_CONVERSION = YES;
				CLANG_WARN_DIRECT_OBJC_ISA_USAGE = YES_ERROR;
				CLANG_WARN_DOCUMENTATION_COMMENTS = YES;
				CLANG_WARN_EMPTY_BODY = YES;
				CLANG_WARN_ENUM_CONVERSION = YES;
				CLANG_WARN_INFINITE_RECURSION = YES;
				CLANG_WARN_INT_CONVERSION = YES;
				CLANG_WARN_OBJC_ROOT_CLASS = YES_ERROR;
				CLANG_WARN_SUSPICIOUS_MOVE = YES;
				CLANG_WARN_SUSPICIOUS_MOVES = YES;
				CLANG_WARN_UNREACHABLE_CODE = YES;
				CLANG_WARN__DUPLICATE_METHOD_MATCH = YES;
				"CODE_SIGN_IDENTITY[sdk=iphoneos*]" = "iPhone Developer";
				COPY_PHASE_STRIP = NO;
				DEBUG_INFORMATION_FORMAT = dwarf;
				ENABLE_NS_ASSERTIONS = YES;
				ENABLE_STRICT_OBJC_MSGSEND = YES;
				ENABLE_TESTABILITY = YES;
				GCC_C_LANGUAGE_STANDARD = gnu99;
				GCC_DYNAMIC_NO_PIC = NO;
				GCC_NO_COMMON_BLOCKS = YES;
				GCC_OPTIMIZATION_LEVEL = 0;
				GCC_PREPROCESSOR_DEFINITIONS = (
					"DEBUG=1",
					"$(inherited)",
				);
				GCC_WARN_64_TO_32_BIT_CONVERSION = YES;
				GCC_WARN_ABOUT_RETURN_TYPE = YES_ERROR;
				GCC_WARN_UNDECLARED_SELECTOR = YES;
				GCC_WARN_UNINITIALIZED_AUTOS = YES_AGGRESSIVE;
				GCC_WARN_UNUSED_FUNCTION = YES;
				GCC_WARN_UNUSED_VARIABLE = YES;
				IPHONEOS_DEPLOYMENT_TARGET = 10.1;
				MTL_ENABLE_DEBUG_INFO = YES;
				ONLY_ACTIVE_ARCH = YES;
				SDKROOT = iphoneos;
				SWIFT_ACTIVE_COMPILATION_CONDITIONS = DEBUG;
				SWIFT_OPTIMIZATION_LEVEL = "-Onone";
			};
			name = Debug;
		};
		2BBEBCC71DF3B3E100894A58 /* Release */ = {
			isa = XCBuildConfiguration;
			buildSettings = {
				ALWAYS_SEARCH_USER_PATHS = NO;
				CLANG_ANALYZER_NONNULL = YES;
				CLANG_CXX_LANGUAGE_STANDARD = "gnu++0x";
				CLANG_CXX_LIBRARY = "libc++";
				CLANG_ENABLE_MODULES = YES;
				CLANG_ENABLE_OBJC_ARC = YES;
				CLANG_WARN_BOOL_CONVERSION = YES;
				CLANG_WARN_CONSTANT_CONVERSION = YES;
				CLANG_WARN_DIRECT_OBJC_ISA_USAGE = YES_ERROR;
				CLANG_WARN_DOCUMENTATION_COMMENTS = YES;
				CLANG_WARN_EMPTY_BODY = YES;
				CLANG_WARN_ENUM_CONVERSION = YES;
				CLANG_WARN_INFINITE_RECURSION = YES;
				CLANG_WARN_INT_CONVERSION = YES;
				CLANG_WARN_OBJC_ROOT_CLASS = YES_ERROR;
				CLANG_WARN_SUSPICIOUS_MOVE = YES;
				CLANG_WARN_SUSPICIOUS_MOVES = YES;
				CLANG_WARN_UNREACHABLE_CODE = YES;
				CLANG_WARN__DUPLICATE_METHOD_MATCH = YES;
				"CODE_SIGN_IDENTITY[sdk=iphoneos*]" = "iPhone Developer";
				COPY_PHASE_STRIP = NO;
				DEBUG_INFORMATION_FORMAT = "dwarf-with-dsym";
				ENABLE_NS_ASSERTIONS = YES;
				ENABLE_STRICT_OBJC_MSGSEND = YES;
				GCC_C_LANGUAGE_STANDARD = gnu99;
				GCC_NO_COMMON_BLOCKS = YES;
				GCC_WARN_64_TO_32_BIT_CONVERSION = YES;
				GCC_WARN_ABOUT_RETURN_TYPE = YES_ERROR;
				GCC_WARN_UNDECLARED_SELECTOR = YES;
				GCC_WARN_UNINITIALIZED_AUTOS = YES_AGGRESSIVE;
				GCC_WARN_UNUSED_FUNCTION = YES;
				GCC_WARN_UNUSED_VARIABLE = YES;
				IPHONEOS_DEPLOYMENT_TARGET = 10.1;
				MTL_ENABLE_DEBUG_INFO = NO;
				SDKROOT = iphoneos;
				SWIFT_OPTIMIZATION_LEVEL = "-Owholemodule";
				VALIDATE_PRODUCT = YES;
			};
			name = Release;
		};
		2BBEBCC91DF3B3E100894A58 /* Debug */ = {
			isa = XCBuildConfiguration;
			buildSettings = {
				ALWAYS_EMBED_SWIFT_STANDARD_LIBRARIES = YES;
				ASSETCATALOG_COMPILER_APPICON_NAME = AppIcon;
				DEVELOPMENT_TEAM = 6R43YP984W;
				INFOPLIST_FILE = "Bike Travel/Info.plist";
				LD_RUNPATH_SEARCH_PATHS = "$(inherited) @executable_path/Frameworks";
				PRODUCT_BUNDLE_IDENTIFIER = "com.kylebrown.Bike-Travel";
				PRODUCT_NAME = "$(TARGET_NAME)";
				SWIFT_VERSION = 3.0;
				TARGETED_DEVICE_FAMILY = 1;
			};
			name = Debug;
		};
		2BBEBCCA1DF3B3E100894A58 /* Release */ = {
			isa = XCBuildConfiguration;
			buildSettings = {
				ALWAYS_EMBED_SWIFT_STANDARD_LIBRARIES = YES;
				ASSETCATALOG_COMPILER_APPICON_NAME = AppIcon;
				DEVELOPMENT_TEAM = 6R43YP984W;
				INFOPLIST_FILE = "Bike Travel/Info.plist";
				LD_RUNPATH_SEARCH_PATHS = "$(inherited) @executable_path/Frameworks";
				PRODUCT_BUNDLE_IDENTIFIER = "com.kylebrown.Bike-Travel";
				PRODUCT_NAME = "$(TARGET_NAME)";
				SWIFT_VERSION = 3.0;
				TARGETED_DEVICE_FAMILY = 1;
			};
			name = Release;
		};
/* End XCBuildConfiguration section */

/* Begin XCConfigurationList section */
		2B80D1681E1CC88800ABEF46 /* Build configuration list for PBXNativeTarget "BikeTravelNotification" */ = {
			isa = XCConfigurationList;
			buildConfigurations = (
				2B80D1661E1CC88800ABEF46 /* Debug */,
				2B80D1671E1CC88800ABEF46 /* Release */,
			);
			defaultConfigurationIsVisible = 0;
		};
		2BBEBCB11DF3B3E100894A58 /* Build configuration list for PBXProject "Bike Travel" */ = {
			isa = XCConfigurationList;
			buildConfigurations = (
				2BBEBCC61DF3B3E100894A58 /* Debug */,
				2BBEBCC71DF3B3E100894A58 /* Release */,
			);
			defaultConfigurationIsVisible = 0;
			defaultConfigurationName = Release;
		};
		2BBEBCC81DF3B3E100894A58 /* Build configuration list for PBXNativeTarget "Bike Travel" */ = {
			isa = XCConfigurationList;
			buildConfigurations = (
				2BBEBCC91DF3B3E100894A58 /* Debug */,
				2BBEBCCA1DF3B3E100894A58 /* Release */,
			);
			defaultConfigurationIsVisible = 0;
			defaultConfigurationName = Release;
		};
/* End XCConfigurationList section */
	};
	rootObject = 2BBEBCAE1DF3B3E100894A58 /* Project object */;
}
